
Microsoft Visual Studio Solution File, Format Version 12.00
# Visual Studio Version 17
VisualStudioVersion = 17.1.32328.378
MinimumVisualStudioVersion = 10.0.40219.1
Project("{9A19103F-16F7-4668-BE54-9A1E7A4F7556}") = "AniRate.WebApi", "AniRate.WebApi\AniRate.WebApi.csproj", "{60B66C44-CA47-4575-82B3-6EF7C3F6F45C}"
EndProject
Project("{9A19103F-16F7-4668-BE54-9A1E7A4F7556}") = "AniRate.Application", "AniRate.Application\AniRate.Application.csproj", "{D084B771-425C-4639-850C-714D9C2A7C1B}"
EndProject
Project("{9A19103F-16F7-4668-BE54-9A1E7A4F7556}") = "AniRate.Domain", "AniRate.Domain\AniRate.Domain.csproj", "{8FA500CC-8246-4B69-ABA1-EDFFD3EBC8EF}"
EndProject
Project("{9A19103F-16F7-4668-BE54-9A1E7A4F7556}") = "AniRate.Tests", "AniRate.Tests\AniRate.Tests.csproj", "{64326311-C4E4-4274-BEB9-9C634504E006}"
EndProject
Project("{FAE04EC0-301F-11D3-BF4B-00C04F79EFBC}") = "AniRate.Infrastructure", "AniRate.Infrastructure\AniRate.Infrastructure.csproj", "{34A2B6FB-CD80-4AC7-9918-FEB5F111157B}"
EndProject
Global
	GlobalSection(SolutionConfigurationPlatforms) = preSolution
		Debug|Any CPU = Debug|Any CPU
		Release|Any CPU = Release|Any CPU
	EndGlobalSection
	GlobalSection(ProjectConfigurationPlatforms) = postSolution
		{60B66C44-CA47-4575-82B3-6EF7C3F6F45C}.Debug|Any CPU.ActiveCfg = Debug|Any CPU
		{60B66C44-CA47-4575-82B3-6EF7C3F6F45C}.Debug|Any CPU.Build.0 = Debug|Any CPU
		{60B66C44-CA47-4575-82B3-6EF7C3F6F45C}.Release|Any CPU.ActiveCfg = Release|Any CPU
		{60B66C44-CA47-4575-82B3-6EF7C3F6F45C}.Release|Any CPU.Build.0 = Release|Any CPU
		{D084B771-425C-4639-850C-714D9C2A7C1B}.Debug|Any CPU.ActiveCfg = Debug|Any CPU
		{D084B771-425C-4639-850C-714D9C2A7C1B}.Debug|Any CPU.Build.0 = Debug|Any CPU
		{D084B771-425C-4639-850C-714D9C2A7C1B}.Release|Any CPU.ActiveCfg = Release|Any CPU
		{D084B771-425C-4639-850C-714D9C2A7C1B}.Release|Any CPU.Build.0 = Release|Any CPU
		{8FA500CC-8246-4B69-ABA1-EDFFD3EBC8EF}.Debug|Any CPU.ActiveCfg = Debug|Any CPU
		{8FA500CC-8246-4B69-ABA1-EDFFD3EBC8EF}.Debug|Any CPU.Build.0 = Debug|Any CPU
		{8FA500CC-8246-4B69-ABA1-EDFFD3EBC8EF}.Release|Any CPU.ActiveCfg = Release|Any CPU
		{8FA500CC-8246-4B69-ABA1-EDFFD3EBC8EF}.Release|Any CPU.Build.0 = Release|Any CPU
		{64326311-C4E4-4274-BEB9-9C634504E006}.Debug|Any CPU.ActiveCfg = Debug|Any CPU
		{64326311-C4E4-4274-BEB9-9C634504E006}.Debug|Any CPU.Build.0 = Debug|Any CPU
		{64326311-C4E4-4274-BEB9-9C634504E006}.Release|Any CPU.ActiveCfg = Release|Any CPU
		{64326311-C4E4-4274-BEB9-9C634504E006}.Release|Any CPU.Build.0 = Release|Any CPU
		{34A2B6FB-CD80-4AC7-9918-FEB5F111157B}.Debug|Any CPU.ActiveCfg = Debug|Any CPU
		{34A2B6FB-CD80-4AC7-9918-FEB5F111157B}.Debug|Any CPU.Build.0 = Debug|Any CPU
		{34A2B6FB-CD80-4AC7-9918-FEB5F111157B}.Release|Any CPU.ActiveCfg = Release|Any CPU
		{34A2B6FB-CD80-4AC7-9918-FEB5F111157B}.Release|Any CPU.Build.0 = Release|Any CPU
	EndGlobalSection
	GlobalSection(SolutionProperties) = preSolution
		HideSolutionNode = FALSE
	EndGlobalSection
	GlobalSection(ExtensibilityGlobals) = postSolution
		SolutionGuid = {066F988A-5EF3-456A-B3A6-6053135F7340}
	EndGlobalSection
EndGlobal
